
Microsoft Visual Studio Solution File, Format Version 12.00
# Visual Studio Version 16
VisualStudioVersion = 16.0.28803.156
MinimumVisualStudioVersion = 10.0.40219.1
Project("{9A19103F-16F7-4668-BE54-9A1E7A4F7556}") = "GymApi", "GymApi\GymApi.csproj", "{D32652E7-9525-421F-BBB2-B6515C064745}"
EndProject
Global
	GlobalSection(SolutionConfigurationPlatforms) = preSolution
		Debug|Any CPU = Debug|Any CPU
		Release|Any CPU = Release|Any CPU
	EndGlobalSection
	GlobalSection(ProjectConfigurationPlatforms) = postSolution
		{D32652E7-9525-421F-BBB2-B6515C064745}.Debug|Any CPU.ActiveCfg = Debug|Any CPU
		{D32652E7-9525-421F-BBB2-B6515C064745}.Debug|Any CPU.Build.0 = Debug|Any CPU
		{D32652E7-9525-421F-BBB2-B6515C064745}.Release|Any CPU.ActiveCfg = Release|Any CPU
		{D32652E7-9525-421F-BBB2-B6515C064745}.Release|Any CPU.Build.0 = Release|Any CPU
	EndGlobalSection
	GlobalSection(SolutionProperties) = preSolution
		HideSolutionNode = FALSE
	EndGlobalSection
	GlobalSection(ExtensibilityGlobals) = postSolution
		SolutionGuid = {E3C86F44-E124-4E91-AD70-82CA829E898B}
	EndGlobalSection
EndGlobal
